
Microsoft Visual Studio Solution File, Format Version 12.00
# Visual Studio 15
VisualStudioVersion = 15.0.27126.0
MinimumVisualStudioVersion = 10.0.40219.1
Project("{FAE04EC0-301F-11D3-BF4B-00C04F79EFBC}") = "MemoryUsage", "MemoryUsage\MemoryUsage.csproj", "{64A6B6D8-4A1E-4820-9464-18A4F41429A6}"
EndProject
Global
	GlobalSection(SolutionConfigurationPlatforms) = preSolution
		Debug|Any CPU = Debug|Any CPU
		Release|Any CPU = Release|Any CPU
	EndGlobalSection
	GlobalSection(ProjectConfigurationPlatforms) = postSolution
		{64A6B6D8-4A1E-4820-9464-18A4F41429A6}.Debug|Any CPU.ActiveCfg = Debug|Any CPU
		{64A6B6D8-4A1E-4820-9464-18A4F41429A6}.Debug|Any CPU.Build.0 = Debug|Any CPU
		{64A6B6D8-4A1E-4820-9464-18A4F41429A6}.Release|Any CPU.ActiveCfg = Release|Any CPU
		{64A6B6D8-4A1E-4820-9464-18A4F41429A6}.Release|Any CPU.Build.0 = Release|Any CPU
	EndGlobalSection
	GlobalSection(SolutionProperties) = preSolution
		HideSolutionNode = FALSE
	EndGlobalSection
	GlobalSection(ExtensibilityGlobals) = postSolution
		SolutionGuid = {614C8405-478E-466E-954D-B1106345838D}
	EndGlobalSection
EndGlobal
